{
  "version": 4,
  "terraform_version": "1.9.6",
  "serial": 124,
  "lineage": "4835604e-c7db-4a7e-e46a-af93c4b79ce4",
  "outputs": {
    "file_id": {
      "value": "a448ea673a2b4f6e09853b12e5d4c392f25635af",
      "type": "string"
    },
    "random_string_output": {
      "value": "J",
      "type": "string"
    }
  },
  "resources": [
    {
      "mode": "managed",
      "type": "local_file",
      "name": "f2",
      "provider": "provider[\"registry.terraform.io/hashicorp/local\"]",
      "instances": [
        {
          "schema_version": 0,
          "attributes": {
            "content": "this is var2 content",
            "content_base64": null,
            "content_base64sha256": "11Q7/1Yi3IRnrZuBCCSA67i/uZlJ0s5vBwDHw98GEyg=",
            "content_base64sha512": "R/0e29quJpzoKbErgpOTODBsEJRegXPfMjof7uF7UFtJ+fza4UknjlpixuY1GIaUG3qMK59KXAHZIZSH8cgbuA==",
            "content_md5": "eea87ba16c3240e1c1d8ab49867ff5db",
            "content_sha1": "a448ea673a2b4f6e09853b12e5d4c392f25635af",
            "content_sha256": "d7543bff5622dc8467ad9b81082480ebb8bfb99949d2ce6f0700c7c3df061328",
            "content_sha512": "47fd1edbdaae269ce829b12b82939338306c10945e8173df323a1feee17b505b49f9fcdae149278e5a62c6e6351886941b7a8c2b9f4a5c01d9219487f1c81bb8",
            "directory_permission": "0777",
            "file_permission": "0777",
            "filename": "this is env2 temp var in bashrc",
            "id": "a448ea673a2b4f6e09853b12e5d4c392f25635af",
            "sensitive_content": null,
            "source": null
          },
          "sensitive_attributes": [
            [
              {
                "type": "get_attr",
                "value": "sensitive_content"
              }
            ]
          ]
        }
      ]
    },
    {
      "mode": "managed",
      "type": "local_file",
      "name": "ramdom_file",
      "provider": "provider[\"registry.terraform.io/hashicorp/local\"]",
      "instances": [
        {
          "schema_version": 0,
          "attributes": {
            "content": "J",
            "content_base64": null,
            "content_base64sha256": "baQ7lE5JToheaa8CH5PG2TMceKoigIRxFCkWClu9FbU=",
            "content_base64sha512": "PCZsADXeWeqyoN0xs9y0qd0VezECieXbmrT4wv3bdDNGbUjyXaetc1ocuPKTWqYSrR9i8O/Ozjkzupl5CC4jBA==",
            "content_md5": "ff44570aca8241914870afbc310cdb85",
            "content_sha1": "58668e7669fd564d99db5d581fcdb6a5618440b5",
            "content_sha256": "6da43b944e494e885e69af021f93c6d9331c78aa228084711429160a5bbd15b5",
            "content_sha512": "3c266c0035de59eab2a0dd31b3dcb4a9dd157b310289e5db9ab4f8c2fddb7433466d48f25da7ad735a1cb8f2935aa612ad1f62f0efcece3933ba9979082e2304",
            "directory_permission": "0777",
            "file_permission": "0777",
            "filename": "random_text_output.txt",
            "id": "58668e7669fd564d99db5d581fcdb6a5618440b5",
            "sensitive_content": null,
            "source": null
          },
          "sensitive_attributes": [
            [
              {
                "type": "get_attr",
                "value": "sensitive_content"
              }
            ]
          ],
          "dependencies": [
            "random_string.randomtest"
          ]
        }
      ]
    },
    {
      "mode": "managed",
      "type": "local_file",
      "name": "resource1",
      "provider": "provider[\"registry.terraform.io/hashicorp/local\"]",
      "instances": [
        {
          "schema_version": 0,
          "attributes": {
            "content": "2",
            "content_base64": null,
            "content_base64sha256": "1HNeOiZeFu7gP1lxi5tdAwGcB9i2xR+Q2jpmbuwTqzU=",
            "content_base64sha512": "QLJEESZB3XjdT5O2yRkN1G4AmRlNWkQle3761u+f9Gg9oe2gJERIyzQ6poj10+/XMU2v5YCsC8vxFa7Kno3BFA==",
            "content_md5": "c81e728d9d4c2f636f067f89cc14862c",
            "content_sha1": "da4b9237bacccdf19c0760cab7aec4a8359010b0",
            "content_sha256": "d4735e3a265e16eee03f59718b9b5d03019c07d8b6c51f90da3a666eec13ab35",
            "content_sha512": "40b244112641dd78dd4f93b6c9190dd46e0099194d5a44257b7efad6ef9ff4683da1eda0244448cb343aa688f5d3efd7314dafe580ac0bcbf115aeca9e8dc114",
            "directory_permission": "0777",
            "file_permission": "0777",
            "filename": "fl1",
            "id": "da4b9237bacccdf19c0760cab7aec4a8359010b0",
            "sensitive_content": null,
            "source": null
          },
          "sensitive_attributes": [
            [
              {
                "type": "get_attr",
                "value": "sensitive_content"
              }
            ]
          ]
        }
      ]
    },
    {
      "mode": "managed",
      "type": "local_file",
      "name": "resource2",
      "provider": "provider[\"registry.terraform.io/hashicorp/local\"]",
      "instances": [
        {
          "schema_version": 0,
          "attributes": {
            "content": "from_terraform.tfvar",
            "content_base64": null,
            "content_base64sha256": "D72hylTFOEDwveGZ5lps9dU6aKeGiNp4zD1tlaZNDYQ=",
            "content_base64sha512": "Mi8XG9WNP/aiyCuLs5gp2n+zcbHjuD10pPJwFFuUEqqVOl9cija95IPztXyu+eQBuch1xcdbDRWJkdIJZCHtbA==",
            "content_md5": "8add2c9f1e15ea6e13901bfae3f72c72",
            "content_sha1": "8b43bc574349e2ee425c578049f90c54a2b075c0",
            "content_sha256": "0fbda1ca54c53840f0bde199e65a6cf5d53a68a78688da78cc3d6d95a64d0d84",
            "content_sha512": "322f171bd58d3ff6a2c82b8bb39829da7fb371b1e3b83d74a4f270145b9412aa953a5f5c8a36bde483f3b57caef9e401b9c875c5c75b0d158991d2096421ed6c",
            "directory_permission": "0777",
            "file_permission": "0777",
            "filename": "fl2",
            "id": "8b43bc574349e2ee425c578049f90c54a2b075c0",
            "sensitive_content": null,
            "source": null
          },
          "sensitive_attributes": [
            [
              {
                "type": "get_attr",
                "value": "sensitive_content"
              }
            ]
          ]
        }
      ]
    },
    {
      "mode": "managed",
      "type": "local_file",
      "name": "resource3",
      "provider": "provider[\"registry.terraform.io/hashicorp/local\"]",
      "instances": [
        {
          "schema_version": 0,
          "attributes": {
            "content": "false",
            "content_base64": null,
            "content_base64sha256": "/LzxZZCN0YqeSff/J4EBdtuOn2O0NSITdBZkJFIk+Ko=",
            "content_base64sha512": "cZ+mfu9JxLKiuD8MYr3diMEGqq234hrgV8iAK3AONvgf4/FEgS2LBdZtxmPZCLJWReFTJiz21FeqNOaEr54yjQ==",
            "content_md5": "68934a3e9455fa72420237eb05902327",
            "content_sha1": "7cb6efb98ba5972a9b5090dc2e517fe14d12cb04",
            "content_sha256": "fcbcf165908dd18a9e49f7ff27810176db8e9f63b4352213741664245224f8aa",
            "content_sha512": "719fa67eef49c4b2a2b83f0c62bddd88c106aaadb7e21ae057c8802b700e36f81fe3f144812d8b05d66dc663d908b25645e153262cf6d457aa34e684af9e328d",
            "directory_permission": "0777",
            "file_permission": "0777",
            "filename": "fl3",
            "id": "7cb6efb98ba5972a9b5090dc2e517fe14d12cb04",
            "sensitive_content": null,
            "source": null
          },
          "sensitive_attributes": [
            [
              {
                "type": "get_attr",
                "value": "sensitive_content"
              }
            ]
          ]
        }
      ]
    },
    {
      "mode": "managed",
      "type": "local_file",
      "name": "resource4",
      "provider": "provider[\"registry.terraform.io/hashicorp/local\"]",
      "instances": [
        {
          "schema_version": 0,
          "attributes": {
            "content": "a2test.txt",
            "content_base64": null,
            "content_base64sha256": "zCz43egvGmeKmdeCsislvmNKMrDN47vGL8W/grQad5w=",
            "content_base64sha512": "qYgGV1KelGtC0jxygRn5mp+ZhJj/e805SH1OiFLvdRAsVzKr6nMHj1Mm9mfQTzRT8OE/LieiVKYaaFcRHffSoQ==",
            "content_md5": "3721b813fa3180ed8a97e71f94181cef",
            "content_sha1": "a8355b258d352f6e34e4619687fa157c2eee7bc4",
            "content_sha256": "cc2cf8dde82f1a678a99d782b22b25be634a32b0cde3bbc62fc5bf82b41a779c",
            "content_sha512": "a9880657529e946b42d23c728119f99a9f998498ff7bcd39487d4e8852ef75102c5732abea73078f5326f667d04f3453f0e13f2e27a254a61a6857111df7d2a1",
            "directory_permission": "0777",
            "file_permission": "0777",
            "filename": "fl4",
            "id": "a8355b258d352f6e34e4619687fa157c2eee7bc4",
            "sensitive_content": null,
            "source": null
          },
          "sensitive_attributes": [
            [
              {
                "type": "get_attr",
                "value": "sensitive_content"
              }
            ]
          ]
        }
      ]
    },
    {
      "mode": "managed",
      "type": "local_file",
      "name": "resource5",
      "provider": "provider[\"registry.terraform.io/hashicorp/local\"]",
      "instances": [
        {
          "schema_version": 0,
          "attributes": {
            "content": "string",
            "content_base64": null,
            "content_base64sha256": "RzKH+CmNunFjqJeQiVj3wOrnM+JdLgJ5kuou3JvtL6g=",
            "content_base64sha512": "J1fLPK/DmvRRq7Jpe+ebSrYdY9dNhbBBhinejCaBG1KfPzeA0BUAY/9Vor7udMTsECoqJzGh8ffxDUc60Ypqhw==",
            "content_md5": "b45cffe084dd3d20d928bee85e7b0f21",
            "content_sha1": "ecb252044b5ea0f679ee78ec1a12904739e2904d",
            "content_sha256": "473287f8298dba7163a897908958f7c0eae733e25d2e027992ea2edc9bed2fa8",
            "content_sha512": "2757cb3cafc39af451abb2697be79b4ab61d63d74d85b0418629de8c26811b529f3f3780d0150063ff55a2beee74c4ec102a2a2731a1f1f7f10d473ad18a6a87",
            "directory_permission": "0777",
            "file_permission": "0777",
            "filename": "fl5",
            "id": "ecb252044b5ea0f679ee78ec1a12904739e2904d",
            "sensitive_content": null,
            "source": null
          },
          "sensitive_attributes": [
            [
              {
                "type": "get_attr",
                "value": "sensitive_content"
              }
            ]
          ]
        }
      ]
    },
    {
      "mode": "managed",
      "type": "local_file",
      "name": "resource6",
      "provider": "provider[\"registry.terraform.io/hashicorp/local\"]",
      "instances": [
        {
          "schema_version": 0,
          "attributes": {
            "content": "shekar",
            "content_base64": null,
            "content_base64sha256": "y8xGDlZvoluzQwvjO03OfJiY0M0X3ZfVKwZUldmj73w=",
            "content_base64sha512": "0q2MQhCR88Z0KFuUZDXGxchBHEJ4EpESJG1Lg8oGcIQqOaReEXe6htoz+aY3X+WjPciWLZyE6kz4M+YcKqjHTA==",
            "content_md5": "ad21d0448f737a55d6b4ae7fe467ae2f",
            "content_sha1": "25b7fe11efb7c20e1190c63ecfe164156c2c674e",
            "content_sha256": "cbcc460e566fa25bb3430be33b4dce7c9898d0cd17dd97d52b065495d9a3ef7c",
            "content_sha512": "d2ad8c421091f3c674285b946435c6c5c8411c4278129112246d4b83ca0670842a39a45e1177ba86da33f9a6375fe5a33dc8962d9c84ea4cf833e61c2aa8c74c",
            "directory_permission": "0777",
            "file_permission": "0777",
            "filename": "fl6",
            "id": "25b7fe11efb7c20e1190c63ecfe164156c2c674e",
            "sensitive_content": null,
            "source": null
          },
          "sensitive_attributes": [
            [
              {
                "type": "get_attr",
                "value": "sensitive_content"
              }
            ]
          ]
        }
      ]
    },
    {
      "mode": "managed",
      "type": "local_file",
      "name": "resource7",
      "provider": "provider[\"registry.terraform.io/hashicorp/local\"]",
      "instances": [
        {
          "schema_version": 0,
          "attributes": {
            "content": "246",
            "content_base64": null,
            "content_base64sha256": "N8IPGfMnK1zMOl2AWH653rP0r89WjEKA+xlVaNqOsaI=",
            "content_base64sha512": "6tYkhCGukpGkqzRuUsiXEsFLqgfv/kzUwuB2An6BYkU6FEPZw/xX6gMSV3s0sesIscWNuAdQqhbUEaHreR+k6A==",
            "content_md5": "38db3aed920cf82ab059bfccbd02be6a",
            "content_sha1": "3464dc11507c600bbff7daec3d6fb71402063a5f",
            "content_sha256": "37c20f19f3272b5ccc3a5d80587eb9deb3f4afcf568c4280fb195568da8eb1a2",
            "content_sha512": "ead6248421ae9291a4ab346e52c89712c14baa07effe4cd4c2e076027e8162453a1443d9c3fc57ea0312577b34b1eb08b1c58db80750aa16d411a1eb791fa4e8",
            "directory_permission": "0777",
            "file_permission": "0777",
            "filename": "fl7",
            "id": "3464dc11507c600bbff7daec3d6fb71402063a5f",
            "sensitive_content": null,
            "source": null
          },
          "sensitive_attributes": [
            [
              {
                "type": "get_attr",
                "value": "sensitive_content"
              }
            ]
          ]
        }
      ]
    },
    {
      "mode": "managed",
      "type": "local_file",
      "name": "resource8",
      "provider": "provider[\"registry.terraform.io/hashicorp/local\"]",
      "instances": [
        {
          "schema_version": 0,
          "attributes": {
            "content": "34",
            "content_base64": null,
            "content_base64sha256": "huUBSWWGYTEqngs1VY2E9sbT2nl/VSqWV/4FWMpAze8=",
            "content_base64sha512": "5Tl/FMRPjfdUYXGUBR2rGtOPWfCFgEBsLv1ZqkwPcWFnE8Kr52vFA+CPL17aSGNjT2/pmtOdRslHwJYjuR5Tyg==",
            "content_md5": "e369853df766fa44e1ed0ff613f563bd",
            "content_sha1": "f1f836cb4ea6efb2a0b1b99f41ad8b103eff4b59",
            "content_sha256": "86e50149658661312a9e0b35558d84f6c6d3da797f552a9657fe0558ca40cdef",
            "content_sha512": "e5397f14c44f8df754617194051dab1ad38f59f08580406c2efd59aa4c0f71616713c2abe76bc503e08f2f5eda4863634f6fe99ad39d46c947c09623b91e53ca",
            "directory_permission": "0777",
            "file_permission": "0777",
            "filename": "fl8",
            "id": "f1f836cb4ea6efb2a0b1b99f41ad8b103eff4b59",
            "sensitive_content": null,
            "source": null
          },
          "sensitive_attributes": [
            [
              {
                "type": "get_attr",
                "value": "sensitive_content"
              }
            ]
          ]
        }
      ]
    },
    {
      "mode": "managed",
      "type": "local_file",
      "name": "resource9",
      "provider": "provider[\"registry.terraform.io/hashicorp/local\"]",
      "instances": [
        {
          "schema_version": 0,
          "attributes": {
            "content": "8",
            "content_base64": null,
            "content_base64sha256": "LGJCMs3SIXcSlN+7MQrKAAoN9qyLZraW2Q7wb977ZKM=",
            "content_base64sha512": "vCO4sBdy0t1n77j+Gl5r0PRLl8NhAb5swJ8lO1PmjWeiLkZDBo39E0GYATTqV1cKz2XjBuTZbO9NVgOEiUyIpA==",
            "content_md5": "c9f0f895fb98ab9159f51fd0297e236d",
            "content_sha1": "fe5dbbcea5ce7e2988b8c69bcfdfde8904aabc1f",
            "content_sha256": "2c624232cdd221771294dfbb310aca000a0df6ac8b66b696d90ef06fdefb64a3",
            "content_sha512": "bc23b8b01772d2dd67efb8fe1a5e6bd0f44b97c36101be6cc09f253b53e68d67a22e4643068dfd1341980134ea57570acf65e306e4d96cef4d560384894c88a4",
            "directory_permission": "0777",
            "file_permission": "0777",
            "filename": "fl9",
            "id": "fe5dbbcea5ce7e2988b8c69bcfdfde8904aabc1f",
            "sensitive_content": null,
            "source": null
          },
          "sensitive_attributes": [
            [
              {
                "type": "get_attr",
                "value": "sensitive_content"
              }
            ]
          ]
        }
      ]
    },
    {
      "mode": "managed",
      "type": "local_file",
      "name": "testtfmfile",
      "provider": "provider[\"registry.terraform.io/hashicorp/local\"]",
      "instances": [
        {
          "schema_version": 0,
          "attributes": {
            "content": "adding content to tfm file",
            "content_base64": null,
            "content_base64sha256": "cijmJ0pIGDmd7+43UnlKF9YBHqqgSJP/UMk3ixjDqlM=",
            "content_base64sha512": "UmdHNUAiewwt6J/BUfnAW6dNCMovJEYDALZVX+YotVQkq36SswoXAvPGssFVpfl6zaT03KnckemGs7db7FJNiQ==",
            "content_md5": "a55f7a08044a9d40e79f904b5e3ec66b",
            "content_sha1": "afa77261a7f30160b55ffac72136f60ec287fb0e",
            "content_sha256": "7228e6274a4818399defee3752794a17d6011eaaa04893ff50c9378b18c3aa53",
            "content_sha512": "5267473540227b0c2de89fc151f9c05ba74d08ca2f24460300b6555fe628b55424ab7e92b30a1702f3c6b2c155a5f97acda4f4dca9dc91e986b3b75bec524d89",
            "directory_permission": "0777",
            "file_permission": "0777",
            "filename": "firsttfm.txt",
            "id": "afa77261a7f30160b55ffac72136f60ec287fb0e",
            "sensitive_content": null,
            "source": null
          },
          "sensitive_attributes": [
            [
              {
                "type": "get_attr",
                "value": "sensitive_content"
              }
            ]
          ]
        }
      ]
    },
    {
      "mode": "managed",
      "type": "local_file",
      "name": "testtfmfile2",
      "provider": "provider[\"registry.terraform.io/hashicorp/local\"]",
      "instances": [
        {
          "schema_version": 0,
          "attributes": {
            "content": "adding content to new tfm file2",
            "content_base64": null,
            "content_base64sha256": "cWLwOhVDvdZ4RmR7F3dKSadz2VCCcC3cUDr1tF1BRNY=",
            "content_base64sha512": "ky/XjHmrF1dqQlwwW4S0yU8tshy+thviAPSF9RxiboirQ2U/8P1u27G/AKCwJcxLBevlJklSmfKci2hvTFEdxw==",
            "content_md5": "def2e792f591adcc311a548e56a41d16",
            "content_sha1": "a5b469b1ba441270725304bb21e21b484f81c8e7",
            "content_sha256": "7162f03a1543bdd67846647b17774a49a773d95082702ddc503af5b45d4144d6",
            "content_sha512": "932fd78c79ab17576a425c305b84b4c94f2db21cbeb61be200f485f51c626e88ab43653ff0fd6edbb1bf00a0b025cc4b05ebe526495299f29c8b686f4c511dc7",
            "directory_permission": "0777",
            "file_permission": "0777",
            "filename": "secondtfm.txt",
            "id": "a5b469b1ba441270725304bb21e21b484f81c8e7",
            "sensitive_content": null,
            "source": null
          },
          "sensitive_attributes": [
            [
              {
                "type": "get_attr",
                "value": "sensitive_content"
              }
            ]
          ]
        }
      ]
    },
    {
      "mode": "managed",
      "type": "local_file",
      "name": "testtfmfile3",
      "provider": "provider[\"registry.terraform.io/hashicorp/local\"]",
      "instances": [
        {
          "schema_version": 0,
          "attributes": {
            "content": "adding++ content to new tfm file3",
            "content_base64": null,
            "content_base64sha256": "XykADiNK47DlWT3R9cr32wIOQ01ccq6e9EVRDEWtILk=",
            "content_base64sha512": "rksQF+t3b19CNT1/9RhM47ew2Ezx6mIBnXCiisGbZXZnEw9KaO2Ty9sRv/1SCeCAaFSRfdcufju2MxbYVpJ24w==",
            "content_md5": "7db8d2e58c8276fccb6b1444cf01d10f",
            "content_sha1": "7974ac5ee72b7d4d7d50a7c6db9e0b96fcb78407",
            "content_sha256": "5f29000e234ae3b0e5593dd1f5caf7db020e434d5c72ae9ef445510c45ad20b9",
            "content_sha512": "ae4b1017eb776f5f42353d7ff5184ce3b7b0d84cf1ea62019d70a28ac19b657667130f4a68ed93cbdb11bffd5209e0806854917dd72e7e3bb63316d8569276e3",
            "directory_permission": "0777",
            "file_permission": "0777",
            "filename": "thirttfm.txt",
            "id": "7974ac5ee72b7d4d7d50a7c6db9e0b96fcb78407",
            "sensitive_content": null,
            "source": null
          },
          "sensitive_attributes": [
            [
              {
                "type": "get_attr",
                "value": "sensitive_content"
              }
            ]
          ]
        }
      ]
    },
    {
      "mode": "managed",
      "type": "random_string",
      "name": "randomtest",
      "provider": "provider[\"registry.terraform.io/hashicorp/random\"]",
      "instances": [
        {
          "schema_version": 2,
          "attributes": {
            "id": "J",
            "keepers": null,
            "length": 1,
            "lower": true,
            "min_lower": 0,
            "min_numeric": 0,
            "min_special": 0,
            "min_upper": 0,
            "number": true,
            "numeric": true,
            "override_special": "/@£$",
            "result": "J",
            "special": true,
            "upper": true
          },
          "sensitive_attributes": []
        }
      ]
    }
  ],
  "check_results": null
}
