{
  "version": 4,
  "terraform_version": "1.9.6",
  "serial": 99,
  "lineage": "4835604e-c7db-4a7e-e46a-af93c4b79ce4",
  "outputs": {
    "file_id": {
      "value": "a448ea673a2b4f6e09853b12e5d4c392f25635af",
      "type": "string"
    },
    "random_string_output": {
      "value": "J",
      "type": "string"
    }
  },
  "resources": [
    {
      "mode": "managed",
      "type": "local_file",
      "name": "f2",
      "provider": "provider[\"registry.terraform.io/hashicorp/local\"]",
      "instances": [
        {
          "schema_version": 0,
          "attributes": {
            "content": "this is var2 content",
            "content_base64": null,
            "content_base64sha256": "11Q7/1Yi3IRnrZuBCCSA67i/uZlJ0s5vBwDHw98GEyg=",
            "content_base64sha512": "R/0e29quJpzoKbErgpOTODBsEJRegXPfMjof7uF7UFtJ+fza4UknjlpixuY1GIaUG3qMK59KXAHZIZSH8cgbuA==",
            "content_md5": "eea87ba16c3240e1c1d8ab49867ff5db",
            "content_sha1": "a448ea673a2b4f6e09853b12e5d4c392f25635af",
            "content_sha256": "d7543bff5622dc8467ad9b81082480ebb8bfb99949d2ce6f0700c7c3df061328",
            "content_sha512": "47fd1edbdaae269ce829b12b82939338306c10945e8173df323a1feee17b505b49f9fcdae149278e5a62c6e6351886941b7a8c2b9f4a5c01d9219487f1c81bb8",
            "directory_permission": "0777",
            "file_permission": "0777",
            "filename": "this is env2 temp var in bashrc",
            "id": "a448ea673a2b4f6e09853b12e5d4c392f25635af",
            "sensitive_content": null,
            "source": null
          },
          "sensitive_attributes": [
            [
              {
                "type": "get_attr",
                "value": "sensitive_content"
              }
            ]
          ]
        }
      ]
    },
    {
      "mode": "managed",
      "type": "local_file",
      "name": "ramdom_file",
      "provider": "provider[\"registry.terraform.io/hashicorp/local\"]",
      "instances": [
        {
          "schema_version": 0,
          "attributes": {
            "content": "J",
            "content_base64": null,
            "content_base64sha256": "baQ7lE5JToheaa8CH5PG2TMceKoigIRxFCkWClu9FbU=",
            "content_base64sha512": "PCZsADXeWeqyoN0xs9y0qd0VezECieXbmrT4wv3bdDNGbUjyXaetc1ocuPKTWqYSrR9i8O/Ozjkzupl5CC4jBA==",
            "content_md5": "ff44570aca8241914870afbc310cdb85",
            "content_sha1": "58668e7669fd564d99db5d581fcdb6a5618440b5",
            "content_sha256": "6da43b944e494e885e69af021f93c6d9331c78aa228084711429160a5bbd15b5",
            "content_sha512": "3c266c0035de59eab2a0dd31b3dcb4a9dd157b310289e5db9ab4f8c2fddb7433466d48f25da7ad735a1cb8f2935aa612ad1f62f0efcece3933ba9979082e2304",
            "directory_permission": "0777",
            "file_permission": "0777",
            "filename": "random_text_output.txt",
            "id": "58668e7669fd564d99db5d581fcdb6a5618440b5",
            "sensitive_content": null,
            "source": null
          },
          "sensitive_attributes": [
            [
              {
                "type": "get_attr",
                "value": "sensitive_content"
              }
            ]
          ],
          "dependencies": [
            "random_string.randomtest"
          ]
        }
      ]
    },
    {
      "mode": "managed",
      "type": "local_file",
      "name": "resource1",
      "provider": "provider[\"registry.terraform.io/hashicorp/local\"]",
      "instances": [
        {
          "schema_version": 0,
          "attributes": {
            "content": "2",
            "content_base64": null,
            "content_base64sha256": "1HNeOiZeFu7gP1lxi5tdAwGcB9i2xR+Q2jpmbuwTqzU=",
            "content_base64sha512": "QLJEESZB3XjdT5O2yRkN1G4AmRlNWkQle3761u+f9Gg9oe2gJERIyzQ6poj10+/XMU2v5YCsC8vxFa7Kno3BFA==",
            "content_md5": "c81e728d9d4c2f636f067f89cc14862c",
            "content_sha1": "da4b9237bacccdf19c0760cab7aec4a8359010b0",
            "content_sha256": "d4735e3a265e16eee03f59718b9b5d03019c07d8b6c51f90da3a666eec13ab35",
            "content_sha512": "40b244112641dd78dd4f93b6c9190dd46e0099194d5a44257b7efad6ef9ff4683da1eda0244448cb343aa688f5d3efd7314dafe580ac0bcbf115aeca9e8dc114",
            "directory_permission": "0777",
            "file_permission": "0777",
            "filename": "fl1",
            "id": "da4b9237bacccdf19c0760cab7aec4a8359010b0",
            "sensitive_content": null,
            "source": null
          },
          "sensitive_attributes": [
            [
              {
                "type": "get_attr",
                "value": "sensitive_content"
              }
            ]
          ]
        }
      ]
    },
    {
      "mode": "managed",
      "type": "local_file",
      "name": "resource2",
      "provider": "provider[\"registry.terraform.io/hashicorp/local\"]",
      "instances": [
        {
          "schema_version": 0,
          "attributes": {
            "content": "from_terraform.tfvar",
            "content_base64": null,
            "content_base64sha256": "D72hylTFOEDwveGZ5lps9dU6aKeGiNp4zD1tlaZNDYQ=",
            "content_base64sha512": "Mi8XG9WNP/aiyCuLs5gp2n+zcbHjuD10pPJwFFuUEqqVOl9cija95IPztXyu+eQBuch1xcdbDRWJkdIJZCHtbA==",
            "content_md5": "8add2c9f1e15ea6e13901bfae3f72c72",
            "content_sha1": "8b43bc574349e2ee425c578049f90c54a2b075c0",
            "content_sha256": "0fbda1ca54c53840f0bde199e65a6cf5d53a68a78688da78cc3d6d95a64d0d84",
            "content_sha512": "322f171bd58d3ff6a2c82b8bb39829da7fb371b1e3b83d74a4f270145b9412aa953a5f5c8a36bde483f3b57caef9e401b9c875c5c75b0d158991d2096421ed6c",
            "directory_permission": "0777",
            "file_permission": "0777",
            "filename": "fl2",
            "id": "8b43bc574349e2ee425c578049f90c54a2b075c0",
            "sensitive_content": null,
            "source": null
          },
          "sensitive_attributes": [
            [
              {
                "type": "get_attr",
                "value": "sensitive_content"
              }
            ]
          ]
        }
      ]
    },
    {
      "mode": "managed",
      "type": "local_file",
      "name": "resource3",
      "provider": "provider[\"registry.terraform.io/hashicorp/local\"]",
      "instances": [
        {
          "schema_version": 0,
          "attributes": {
            "content": "false",
            "content_base64": null,
            "content_base64sha256": "/LzxZZCN0YqeSff/J4EBdtuOn2O0NSITdBZkJFIk+Ko=",
            "content_base64sha512": "cZ+mfu9JxLKiuD8MYr3diMEGqq234hrgV8iAK3AONvgf4/FEgS2LBdZtxmPZCLJWReFTJiz21FeqNOaEr54yjQ==",
            "content_md5": "68934a3e9455fa72420237eb05902327",
            "content_sha1": "7cb6efb98ba5972a9b5090dc2e517fe14d12cb04",
            "content_sha256": "fcbcf165908dd18a9e49f7ff27810176db8e9f63b4352213741664245224f8aa",
            "content_sha512": "719fa67eef49c4b2a2b83f0c62bddd88c106aaadb7e21ae057c8802b700e36f81fe3f144812d8b05d66dc663d908b25645e153262cf6d457aa34e684af9e328d",
            "directory_permission": "0777",
            "file_permission": "0777",
            "filename": "fl3",
            "id": "7cb6efb98ba5972a9b5090dc2e517fe14d12cb04",
            "sensitive_content": null,
            "source": null
          },
          "sensitive_attributes": [
            [
              {
                "type": "get_attr",
                "value": "sensitive_content"
              }
            ]
          ]
        }
      ]
    },
    {
      "mode": "managed",
      "type": "local_file",
      "name": "resource4",
      "provider": "provider[\"registry.terraform.io/hashicorp/local\"]",
      "instances": [
        {
          "schema_version": 0,
          "attributes": {
            "content": "a1test.txt",
            "content_base64": null,
            "content_base64sha256": "hp2fvLs7GdSRfq5dG8vALPpOWfRMu83/G69x1DaMWt4=",
            "content_base64sha512": "Biome4fqdG1NTqth1s3De5cSCXJVARJj154hpFcQRvoscwD2X2SbDhwzMIngu2q0ffn9K3d37zNHlBsATzXnPA==",
            "content_md5": "2a57bdf651916f439b5a49a1421adb96",
            "content_sha1": "0678ae4d6c38d2e24a73cde8240587ae3b3ae38e",
            "content_sha256": "869d9fbcbb3b19d4917eae5d1bcbc02cfa4e59f44cbbcdff1baf71d4368c5ade",
            "content_sha512": "062a267b87ea746d4d4eab61d6cdc37b9712097255011263d79e21a4571046fa2c7300f65f649b0e1c333089e0bb6ab47df9fd2b7777ef3347941b004f35e73c",
            "directory_permission": "0777",
            "file_permission": "0777",
            "filename": "fl4",
            "id": "0678ae4d6c38d2e24a73cde8240587ae3b3ae38e",
            "sensitive_content": null,
            "source": null
          },
          "sensitive_attributes": [
            [
              {
                "type": "get_attr",
                "value": "sensitive_content"
              }
            ]
          ]
        }
      ]
    },
    {
      "mode": "managed",
      "type": "local_file",
      "name": "testtfmfile",
      "provider": "provider[\"registry.terraform.io/hashicorp/local\"]",
      "instances": [
        {
          "schema_version": 0,
          "attributes": {
            "content": "adding content to tfm file",
            "content_base64": null,
            "content_base64sha256": "cijmJ0pIGDmd7+43UnlKF9YBHqqgSJP/UMk3ixjDqlM=",
            "content_base64sha512": "UmdHNUAiewwt6J/BUfnAW6dNCMovJEYDALZVX+YotVQkq36SswoXAvPGssFVpfl6zaT03KnckemGs7db7FJNiQ==",
            "content_md5": "a55f7a08044a9d40e79f904b5e3ec66b",
            "content_sha1": "afa77261a7f30160b55ffac72136f60ec287fb0e",
            "content_sha256": "7228e6274a4818399defee3752794a17d6011eaaa04893ff50c9378b18c3aa53",
            "content_sha512": "5267473540227b0c2de89fc151f9c05ba74d08ca2f24460300b6555fe628b55424ab7e92b30a1702f3c6b2c155a5f97acda4f4dca9dc91e986b3b75bec524d89",
            "directory_permission": "0777",
            "file_permission": "0777",
            "filename": "firsttfm.txt",
            "id": "afa77261a7f30160b55ffac72136f60ec287fb0e",
            "sensitive_content": null,
            "source": null
          },
          "sensitive_attributes": [
            [
              {
                "type": "get_attr",
                "value": "sensitive_content"
              }
            ]
          ]
        }
      ]
    },
    {
      "mode": "managed",
      "type": "local_file",
      "name": "testtfmfile2",
      "provider": "provider[\"registry.terraform.io/hashicorp/local\"]",
      "instances": [
        {
          "schema_version": 0,
          "attributes": {
            "content": "adding content to new tfm file2",
            "content_base64": null,
            "content_base64sha256": "cWLwOhVDvdZ4RmR7F3dKSadz2VCCcC3cUDr1tF1BRNY=",
            "content_base64sha512": "ky/XjHmrF1dqQlwwW4S0yU8tshy+thviAPSF9RxiboirQ2U/8P1u27G/AKCwJcxLBevlJklSmfKci2hvTFEdxw==",
            "content_md5": "def2e792f591adcc311a548e56a41d16",
            "content_sha1": "a5b469b1ba441270725304bb21e21b484f81c8e7",
            "content_sha256": "7162f03a1543bdd67846647b17774a49a773d95082702ddc503af5b45d4144d6",
            "content_sha512": "932fd78c79ab17576a425c305b84b4c94f2db21cbeb61be200f485f51c626e88ab43653ff0fd6edbb1bf00a0b025cc4b05ebe526495299f29c8b686f4c511dc7",
            "directory_permission": "0777",
            "file_permission": "0777",
            "filename": "secondtfm.txt",
            "id": "a5b469b1ba441270725304bb21e21b484f81c8e7",
            "sensitive_content": null,
            "source": null
          },
          "sensitive_attributes": [
            [
              {
                "type": "get_attr",
                "value": "sensitive_content"
              }
            ]
          ]
        }
      ]
    },
    {
      "mode": "managed",
      "type": "local_file",
      "name": "testtfmfile3",
      "provider": "provider[\"registry.terraform.io/hashicorp/local\"]",
      "instances": [
        {
          "schema_version": 0,
          "attributes": {
            "content": "adding++ content to new tfm file3",
            "content_base64": null,
            "content_base64sha256": "XykADiNK47DlWT3R9cr32wIOQ01ccq6e9EVRDEWtILk=",
            "content_base64sha512": "rksQF+t3b19CNT1/9RhM47ew2Ezx6mIBnXCiisGbZXZnEw9KaO2Ty9sRv/1SCeCAaFSRfdcufju2MxbYVpJ24w==",
            "content_md5": "7db8d2e58c8276fccb6b1444cf01d10f",
            "content_sha1": "7974ac5ee72b7d4d7d50a7c6db9e0b96fcb78407",
            "content_sha256": "5f29000e234ae3b0e5593dd1f5caf7db020e434d5c72ae9ef445510c45ad20b9",
            "content_sha512": "ae4b1017eb776f5f42353d7ff5184ce3b7b0d84cf1ea62019d70a28ac19b657667130f4a68ed93cbdb11bffd5209e0806854917dd72e7e3bb63316d8569276e3",
            "directory_permission": "0777",
            "file_permission": "0777",
            "filename": "thirttfm.txt",
            "id": "7974ac5ee72b7d4d7d50a7c6db9e0b96fcb78407",
            "sensitive_content": null,
            "source": null
          },
          "sensitive_attributes": [
            [
              {
                "type": "get_attr",
                "value": "sensitive_content"
              }
            ]
          ]
        }
      ]
    },
    {
      "mode": "managed",
      "type": "random_string",
      "name": "randomtest",
      "provider": "provider[\"registry.terraform.io/hashicorp/random\"]",
      "instances": [
        {
          "schema_version": 2,
          "attributes": {
            "id": "J",
            "keepers": null,
            "length": 1,
            "lower": true,
            "min_lower": 0,
            "min_numeric": 0,
            "min_special": 0,
            "min_upper": 0,
            "number": true,
            "numeric": true,
            "override_special": "/@£$",
            "result": "J",
            "special": true,
            "upper": true
          },
          "sensitive_attributes": []
        }
      ]
    }
  ],
  "check_results": null
}
